
Microsoft Visual Studio Solution File, Format Version 12.00
# Visual Studio 15
VisualStudioVersion = 15.0.28307.757
MinimumVisualStudioVersion = 10.0.40219.1
Project("{FAE04EC0-301F-11D3-BF4B-00C04F79EFBC}") = "FirzaForge", "FirzaForge\FirzaForge.csproj", "{B36B133B-2950-468B-93A5-D293F611C037}"
EndProject
Global
	GlobalSection(SolutionConfigurationPlatforms) = preSolution
		Debug|Any CPU = Debug|Any CPU
		Release|Any CPU = Release|Any CPU
	EndGlobalSection
	GlobalSection(ProjectConfigurationPlatforms) = postSolution
		{B36B133B-2950-468B-93A5-D293F611C037}.Debug|Any CPU.ActiveCfg = Debug|Any CPU
		{B36B133B-2950-468B-93A5-D293F611C037}.Debug|Any CPU.Build.0 = Debug|Any CPU
		{B36B133B-2950-468B-93A5-D293F611C037}.Release|Any CPU.ActiveCfg = Release|Any CPU
		{B36B133B-2950-468B-93A5-D293F611C037}.Release|Any CPU.Build.0 = Release|Any CPU
	EndGlobalSection
	GlobalSection(SolutionProperties) = preSolution
		HideSolutionNode = FALSE
	EndGlobalSection
	GlobalSection(ExtensibilityGlobals) = postSolution
		SolutionGuid = {3ADB23B4-6C32-41E2-88F2-CED5F89C86BB}
	EndGlobalSection
EndGlobal
